
Microsoft Visual Studio Solution File, Format Version 12.00
# Visual Studio Version 17
VisualStudioVersion = 17.12.35707.178
MinimumVisualStudioVersion = 10.0.40219.1
Project("{FAE04EC0-301F-11D3-BF4B-00C04F79EFBC}") = "MathLibrary", "MathLibrary\MathLibrary.csproj", "{BB0F6C5C-524B-4866-89AE-8E983075AAB2}"
EndProject
Project("{FAE04EC0-301F-11D3-BF4B-00C04F79EFBC}") = "MathLibraryMsTest", "MathLibraryMsTest\MathLibraryMsTest.csproj", "{C67572CE-F348-4D7F-A993-54897F5340A6}"
EndProject
Project("{FAE04EC0-301F-11D3-BF4B-00C04F79EFBC}") = "MathLibraryTest.nUnit", "MathLibraryTest.nUnit\MathLibraryTest.nUnit.csproj", "{D39BA027-F374-4D03-8C8E-3E86CED9D459}"
EndProject
Project("{FAE04EC0-301F-11D3-BF4B-00C04F79EFBC}") = "MathLibraryOld", "MathLibraryOld\MathLibraryOld.csproj", "{13559F8D-DF3F-42E5-975F-D4805742D49F}"
EndProject
Project("{FAE04EC0-301F-11D3-BF4B-00C04F79EFBC}") = "MathLibraryTests.xUnit", "MathLibraryTests.xUnit\MathLibraryTests.xUnit.csproj", "{0D7ADF89-3C0C-4EE8-913B-2DBAF8A5D155}"
EndProject
Project("{2150E333-8FDC-42A3-9474-1A3956D46DE8}") = "MVC", "MVC", "{00969FD8-F9DE-4277-9840-093833E5FA04}"
EndProject
Project("{FAE04EC0-301F-11D3-BF4B-00C04F79EFBC}") = "DAL", "DAL\DAL.csproj", "{7B664C38-91C2-449B-A667-E043D364F02B}"
EndProject
Project("{FAE04EC0-301F-11D3-BF4B-00C04F79EFBC}") = "BLL", "BLL\BLL.csproj", "{4207E76D-AF96-4D61-A830-EB6237229CA5}"
EndProject
Project("{FAE04EC0-301F-11D3-BF4B-00C04F79EFBC}") = "Repositories", "Repositories\Repositories.csproj", "{505F9FD4-3182-4926-83B0-E5B400C933FA}"
EndProject
Project("{FAE04EC0-301F-11D3-BF4B-00C04F79EFBC}") = "WEB", "WEB\WEB.csproj", "{57311DCB-6359-4970-8EB8-83453ADC9464}"
EndProject
Project("{FAE04EC0-301F-11D3-BF4B-00C04F79EFBC}") = "WebUiTests", "WebUiTests\WebUiTests.csproj", "{35C73649-B104-4F76-8B2C-6180AAD29D7D}"
EndProject
Global
	GlobalSection(SolutionConfigurationPlatforms) = preSolution
		Debug|Any CPU = Debug|Any CPU
		Release|Any CPU = Release|Any CPU
	EndGlobalSection
	GlobalSection(ProjectConfigurationPlatforms) = postSolution
		{BB0F6C5C-524B-4866-89AE-8E983075AAB2}.Debug|Any CPU.ActiveCfg = Debug|Any CPU
		{BB0F6C5C-524B-4866-89AE-8E983075AAB2}.Debug|Any CPU.Build.0 = Debug|Any CPU
		{BB0F6C5C-524B-4866-89AE-8E983075AAB2}.Release|Any CPU.ActiveCfg = Release|Any CPU
		{BB0F6C5C-524B-4866-89AE-8E983075AAB2}.Release|Any CPU.Build.0 = Release|Any CPU
		{C67572CE-F348-4D7F-A993-54897F5340A6}.Debug|Any CPU.ActiveCfg = Debug|Any CPU
		{C67572CE-F348-4D7F-A993-54897F5340A6}.Debug|Any CPU.Build.0 = Debug|Any CPU
		{C67572CE-F348-4D7F-A993-54897F5340A6}.Release|Any CPU.ActiveCfg = Release|Any CPU
		{C67572CE-F348-4D7F-A993-54897F5340A6}.Release|Any CPU.Build.0 = Release|Any CPU
		{D39BA027-F374-4D03-8C8E-3E86CED9D459}.Debug|Any CPU.ActiveCfg = Debug|Any CPU
		{D39BA027-F374-4D03-8C8E-3E86CED9D459}.Debug|Any CPU.Build.0 = Debug|Any CPU
		{D39BA027-F374-4D03-8C8E-3E86CED9D459}.Release|Any CPU.ActiveCfg = Release|Any CPU
		{D39BA027-F374-4D03-8C8E-3E86CED9D459}.Release|Any CPU.Build.0 = Release|Any CPU
		{13559F8D-DF3F-42E5-975F-D4805742D49F}.Debug|Any CPU.ActiveCfg = Debug|Any CPU
		{13559F8D-DF3F-42E5-975F-D4805742D49F}.Debug|Any CPU.Build.0 = Debug|Any CPU
		{13559F8D-DF3F-42E5-975F-D4805742D49F}.Release|Any CPU.ActiveCfg = Release|Any CPU
		{13559F8D-DF3F-42E5-975F-D4805742D49F}.Release|Any CPU.Build.0 = Release|Any CPU
		{0D7ADF89-3C0C-4EE8-913B-2DBAF8A5D155}.Debug|Any CPU.ActiveCfg = Debug|Any CPU
		{0D7ADF89-3C0C-4EE8-913B-2DBAF8A5D155}.Debug|Any CPU.Build.0 = Debug|Any CPU
		{0D7ADF89-3C0C-4EE8-913B-2DBAF8A5D155}.Release|Any CPU.ActiveCfg = Release|Any CPU
		{0D7ADF89-3C0C-4EE8-913B-2DBAF8A5D155}.Release|Any CPU.Build.0 = Release|Any CPU
		{7B664C38-91C2-449B-A667-E043D364F02B}.Debug|Any CPU.ActiveCfg = Debug|Any CPU
		{7B664C38-91C2-449B-A667-E043D364F02B}.Debug|Any CPU.Build.0 = Debug|Any CPU
		{7B664C38-91C2-449B-A667-E043D364F02B}.Release|Any CPU.ActiveCfg = Release|Any CPU
		{7B664C38-91C2-449B-A667-E043D364F02B}.Release|Any CPU.Build.0 = Release|Any CPU
		{4207E76D-AF96-4D61-A830-EB6237229CA5}.Debug|Any CPU.ActiveCfg = Debug|Any CPU
		{4207E76D-AF96-4D61-A830-EB6237229CA5}.Debug|Any CPU.Build.0 = Debug|Any CPU
		{4207E76D-AF96-4D61-A830-EB6237229CA5}.Release|Any CPU.ActiveCfg = Release|Any CPU
		{4207E76D-AF96-4D61-A830-EB6237229CA5}.Release|Any CPU.Build.0 = Release|Any CPU
		{505F9FD4-3182-4926-83B0-E5B400C933FA}.Debug|Any CPU.ActiveCfg = Debug|Any CPU
		{505F9FD4-3182-4926-83B0-E5B400C933FA}.Debug|Any CPU.Build.0 = Debug|Any CPU
		{505F9FD4-3182-4926-83B0-E5B400C933FA}.Release|Any CPU.ActiveCfg = Release|Any CPU
		{505F9FD4-3182-4926-83B0-E5B400C933FA}.Release|Any CPU.Build.0 = Release|Any CPU
		{57311DCB-6359-4970-8EB8-83453ADC9464}.Debug|Any CPU.ActiveCfg = Debug|Any CPU
		{57311DCB-6359-4970-8EB8-83453ADC9464}.Debug|Any CPU.Build.0 = Debug|Any CPU
		{57311DCB-6359-4970-8EB8-83453ADC9464}.Release|Any CPU.ActiveCfg = Release|Any CPU
		{57311DCB-6359-4970-8EB8-83453ADC9464}.Release|Any CPU.Build.0 = Release|Any CPU
		{35C73649-B104-4F76-8B2C-6180AAD29D7D}.Debug|Any CPU.ActiveCfg = Debug|Any CPU
		{35C73649-B104-4F76-8B2C-6180AAD29D7D}.Debug|Any CPU.Build.0 = Debug|Any CPU
		{35C73649-B104-4F76-8B2C-6180AAD29D7D}.Release|Any CPU.ActiveCfg = Release|Any CPU
		{35C73649-B104-4F76-8B2C-6180AAD29D7D}.Release|Any CPU.Build.0 = Release|Any CPU
	EndGlobalSection
	GlobalSection(SolutionProperties) = preSolution
		HideSolutionNode = FALSE
	EndGlobalSection
	GlobalSection(NestedProjects) = preSolution
		{7B664C38-91C2-449B-A667-E043D364F02B} = {00969FD8-F9DE-4277-9840-093833E5FA04}
		{4207E76D-AF96-4D61-A830-EB6237229CA5} = {00969FD8-F9DE-4277-9840-093833E5FA04}
		{505F9FD4-3182-4926-83B0-E5B400C933FA} = {00969FD8-F9DE-4277-9840-093833E5FA04}
		{57311DCB-6359-4970-8EB8-83453ADC9464} = {00969FD8-F9DE-4277-9840-093833E5FA04}
		{35C73649-B104-4F76-8B2C-6180AAD29D7D} = {00969FD8-F9DE-4277-9840-093833E5FA04}
	EndGlobalSection
EndGlobal
